
Microsoft Visual Studio Solution File, Format Version 12.00
# Visual Studio Version 17
VisualStudioVersion = 17.4.33103.184
MinimumVisualStudioVersion = 10.0.40219.1
Project("{FAE04EC0-301F-11D3-BF4B-00C04F79EFBC}") = "uno", "uno\uno.csproj", "{DF47BAE3-3012-406B-9810-BDA07AA2702B}"
EndProject
Global
	GlobalSection(SolutionConfigurationPlatforms) = preSolution
		Debug|Any CPU = Debug|Any CPU
		Release|Any CPU = Release|Any CPU
	EndGlobalSection
	GlobalSection(ProjectConfigurationPlatforms) = postSolution
		{DF47BAE3-3012-406B-9810-BDA07AA2702B}.Debug|Any CPU.ActiveCfg = Debug|Any CPU
		{DF47BAE3-3012-406B-9810-BDA07AA2702B}.Debug|Any CPU.Build.0 = Debug|Any CPU
		{DF47BAE3-3012-406B-9810-BDA07AA2702B}.Release|Any CPU.ActiveCfg = Release|Any CPU
		{DF47BAE3-3012-406B-9810-BDA07AA2702B}.Release|Any CPU.Build.0 = Release|Any CPU
	EndGlobalSection
	GlobalSection(SolutionProperties) = preSolution
		HideSolutionNode = FALSE
	EndGlobalSection
	GlobalSection(ExtensibilityGlobals) = postSolution
		SolutionGuid = {739CACC1-C120-4789-BCF7-CC16A110A66D}
	EndGlobalSection
EndGlobal
